
Microsoft Visual Studio Solution File, Format Version 12.00
# Visual Studio Version 17
VisualStudioVersion = 17.12.35707.178
MinimumVisualStudioVersion = 10.0.40219.1
Project("{FAE04EC0-301F-11D3-BF4B-00C04F79EFBC}") = "frontend", "frontend\frontend.csproj", "{911DFE16-C2AB-4676-A93C-F3FE2D1127C9}"
EndProject
Project("{FAE04EC0-301F-11D3-BF4B-00C04F79EFBC}") = "backend", "backend\backend.csproj", "{9AD699C9-A824-4E2B-928A-E8D0C15405F2}"
EndProject
Project("{FAE04EC0-301F-11D3-BF4B-00C04F79EFBC}") = "shared", "shared\shared.csproj", "{BD323A6A-AC7B-43D2-9EB9-CFD8EAC998AA}"
EndProject
Project("{E53339B2-1760-4266-BCC7-CA923CBCF16C}") = "docker-compose", "docker-compose.dcproj", "{81DDED9D-158B-E303-5F62-77A2896D2A5A}"
EndProject
Project("{FAE04EC0-301F-11D3-BF4B-00C04F79EFBC}") = "frontendapp", "frontendapp\frontendapp.csproj", "{1EB80B9C-5ADA-4E4D-B9FF-D31797DF86F6}"
EndProject
Global
	GlobalSection(SolutionConfigurationPlatforms) = preSolution
		Debug|Any CPU = Debug|Any CPU
		Release|Any CPU = Release|Any CPU
	EndGlobalSection
	GlobalSection(ProjectConfigurationPlatforms) = postSolution
		{911DFE16-C2AB-4676-A93C-F3FE2D1127C9}.Debug|Any CPU.ActiveCfg = Debug|Any CPU
		{911DFE16-C2AB-4676-A93C-F3FE2D1127C9}.Debug|Any CPU.Build.0 = Debug|Any CPU
		{911DFE16-C2AB-4676-A93C-F3FE2D1127C9}.Release|Any CPU.ActiveCfg = Release|Any CPU
		{911DFE16-C2AB-4676-A93C-F3FE2D1127C9}.Release|Any CPU.Build.0 = Release|Any CPU
		{9AD699C9-A824-4E2B-928A-E8D0C15405F2}.Debug|Any CPU.ActiveCfg = Debug|Any CPU
		{9AD699C9-A824-4E2B-928A-E8D0C15405F2}.Debug|Any CPU.Build.0 = Debug|Any CPU
		{9AD699C9-A824-4E2B-928A-E8D0C15405F2}.Release|Any CPU.ActiveCfg = Release|Any CPU
		{9AD699C9-A824-4E2B-928A-E8D0C15405F2}.Release|Any CPU.Build.0 = Release|Any CPU
		{BD323A6A-AC7B-43D2-9EB9-CFD8EAC998AA}.Debug|Any CPU.ActiveCfg = Debug|Any CPU
		{BD323A6A-AC7B-43D2-9EB9-CFD8EAC998AA}.Debug|Any CPU.Build.0 = Debug|Any CPU
		{BD323A6A-AC7B-43D2-9EB9-CFD8EAC998AA}.Release|Any CPU.ActiveCfg = Release|Any CPU
		{BD323A6A-AC7B-43D2-9EB9-CFD8EAC998AA}.Release|Any CPU.Build.0 = Release|Any CPU
		{81DDED9D-158B-E303-5F62-77A2896D2A5A}.Debug|Any CPU.ActiveCfg = Debug|Any CPU
		{81DDED9D-158B-E303-5F62-77A2896D2A5A}.Debug|Any CPU.Build.0 = Debug|Any CPU
		{81DDED9D-158B-E303-5F62-77A2896D2A5A}.Release|Any CPU.ActiveCfg = Release|Any CPU
		{81DDED9D-158B-E303-5F62-77A2896D2A5A}.Release|Any CPU.Build.0 = Release|Any CPU
		{1EB80B9C-5ADA-4E4D-B9FF-D31797DF86F6}.Debug|Any CPU.ActiveCfg = Debug|Any CPU
		{1EB80B9C-5ADA-4E4D-B9FF-D31797DF86F6}.Debug|Any CPU.Build.0 = Debug|Any CPU
		{1EB80B9C-5ADA-4E4D-B9FF-D31797DF86F6}.Release|Any CPU.ActiveCfg = Release|Any CPU
		{1EB80B9C-5ADA-4E4D-B9FF-D31797DF86F6}.Release|Any CPU.Build.0 = Release|Any CPU
	EndGlobalSection
	GlobalSection(SolutionProperties) = preSolution
		HideSolutionNode = FALSE
	EndGlobalSection
	GlobalSection(ExtensibilityGlobals) = postSolution
		SolutionGuid = {BB656166-871A-4E37-B4C0-FB07E47BC20F}
	EndGlobalSection
EndGlobal
